{
  "name": "MyWonderland",
  "version": "1.0.0",
  "lockfileVersion": 3,
  "requires": true,
  "packages": {
    "": {
      "name": "MyWonderland",
      "version": "1.0.0",
      "dependencies": {
        "@cognitive3d/analytics": "^2.1.5-dev.fbd3b95",
        "@wonderlandengine/api": "^1.4.5",
        "@wonderlandengine/components": "^1.2.1",
        "gl-matrix": "^3.4.3"
      }
    },
    "node_modules/@cognitive3d/analytics": {
      "version": "2.1.5-dev.fbd3b95",
      "resolved": "https://registry.npmjs.org/@cognitive3d/analytics/-/analytics-2.1.5-dev.fbd3b95.tgz",
      "integrity": "sha512-HKk3m0Q1PEsprCzxCayHKyTRtgKoOBPUdQ7eRhy2IzBQWNicnmXvqrI9ovGqWxpybDK2Fs0dRNjox7iyQTcXww==",
      "license": "ISC",
      "dependencies": {
        "cross-fetch": "^4.1.0",
        "uuid": "^11.1.0"
      },
      "engines": {
        "node": ">=20.0.0"
      },
      "peerDependencies": {
        "@wonderlandengine/api": ">=1.0.0",
        "babylonjs": ">=5.0.0",
        "gl-matrix": "^3.4.3",
        "playcanvas": ">=1.50.0",
        "three": ">=0.128.0"
      },
      "peerDependenciesMeta": {
        "@wonderlandengine/api": {
          "optional": true
        },
        "babylonjs": {
          "optional": true
        },
        "gl-matrix": {
          "optional": true
        },
        "playcanvas": {
          "optional": true
        },
        "three": {
          "optional": true
        }
      }
    },
    "node_modules/@types/earcut": {
      "version": "2.1.4",
      "resolved": "https://registry.npmjs.org/@types/earcut/-/earcut-2.1.4.tgz",
      "integrity": "sha512-qp3m9PPz4gULB9MhjGID7wpo3gJ4bTGXm7ltNDsmOvsPduTeHp8wSW9YckBj3mljeOh4F0m2z/0JKAALRKbmLQ=="
    },
    "node_modules/@types/webxr": {
      "version": "0.5.22",
      "resolved": "https://registry.npmjs.org/@types/webxr/-/webxr-0.5.22.tgz",
      "integrity": "sha512-Vr6Stjv5jPRqH690f5I5GLjVk8GSsoQSYJ2FVd/3jJF7KaqfwPi3ehfBS96mlQ2kPCwZaX6U0rG2+NGHBKkA/A=="
    },
    "node_modules/@wonderlandengine/api": {
      "version": "1.4.5",
      "resolved": "https://registry.npmjs.org/@wonderlandengine/api/-/api-1.4.5.tgz",
      "integrity": "sha512-IsSgIiDLx6jc44xDKiwiu/uMeasCArQjySZ6br4ORMAJDclng5EseULbjzcP8LgU7JR9VykuDoKzrxIzXCBHqw==",
      "dependencies": {
        "@types/webxr": "^0.5.0"
      }
    },
    "node_modules/@wonderlandengine/components": {
      "version": "1.2.3",
      "resolved": "https://registry.npmjs.org/@wonderlandengine/components/-/components-1.2.3.tgz",
      "integrity": "sha512-O2PM3D1+fRvGpbIhVJivD6NdgYT9t6iBKAuUTuK0GNYQOWnHNCixgDZ3nijibSSgWA0X1IEr7dlRStuFJjR5Xg==",
      "dependencies": {
        "@types/earcut": "^2.1.1",
        "@types/webxr": "^0.5.21",
        "@wonderlandengine/spatial-audio": "^1.2.3",
        "earcut": "^2.2.4",
        "gl-matrix": "^3.3.0"
      },
      "peerDependencies": {
        "@wonderlandengine/api": "^1.1.0"
      }
    },
    "node_modules/@wonderlandengine/spatial-audio": {
      "version": "1.2.4",
      "resolved": "https://registry.npmjs.org/@wonderlandengine/spatial-audio/-/spatial-audio-1.2.4.tgz",
      "integrity": "sha512-zA2t4r0H1EXP3rvAIPXadYfeuidGTP/9QFhJ0nBHdW7h5ZPqxMF/LGIp1mSH/Oi/6obkKfNnPYGgMIgfG0wFPQ==",
      "peerDependencies": {
        "@wonderlandengine/api": "^1.0.0",
        "@wonderlandengine/components": "^1.0.6",
        "gl-matrix": "^3.4.3"
      }
    },
    "node_modules/cross-fetch": {
      "version": "4.1.0",
      "resolved": "https://registry.npmjs.org/cross-fetch/-/cross-fetch-4.1.0.tgz",
      "integrity": "sha512-uKm5PU+MHTootlWEY+mZ4vvXoCn4fLQxT9dSc1sXVMSFkINTJVN8cAQROpwcKm8bJ/c7rgZVIBWzH5T78sNZZw==",
      "license": "MIT",
      "dependencies": {
        "node-fetch": "^2.7.0"
      }
    },
    "node_modules/earcut": {
      "version": "2.2.4",
      "resolved": "https://registry.npmjs.org/earcut/-/earcut-2.2.4.tgz",
      "integrity": "sha512-/pjZsA1b4RPHbeWZQn66SWS8nZZWLQQ23oE3Eam7aroEFGEvwKAsJfZ9ytiEMycfzXWpca4FA9QIOehf7PocBQ=="
    },
    "node_modules/gl-matrix": {
      "version": "3.4.3",
      "resolved": "https://registry.npmjs.org/gl-matrix/-/gl-matrix-3.4.3.tgz",
      "integrity": "sha512-wcCp8vu8FT22BnvKVPjXa/ICBWRq/zjFfdofZy1WSpQZpphblv12/bOQLBC1rMM7SGOFS9ltVmKOHil5+Ml7gA=="
    },
    "node_modules/node-fetch": {
      "version": "2.7.0",
      "resolved": "https://registry.npmjs.org/node-fetch/-/node-fetch-2.7.0.tgz",
      "integrity": "sha512-c4FRfUm/dbcWZ7U+1Wq0AwCyFL+3nt2bEw05wfxSz+DWpWsitgmSgYmy2dQdWyKC1694ELPqMs/YzUSNozLt8A==",
      "license": "MIT",
      "dependencies": {
        "whatwg-url": "^5.0.0"
      },
      "engines": {
        "node": "4.x || >=6.0.0"
      },
      "peerDependencies": {
        "encoding": "^0.1.0"
      },
      "peerDependenciesMeta": {
        "encoding": {
          "optional": true
        }
      }
    },
    "node_modules/tr46": {
      "version": "0.0.3",
      "resolved": "https://registry.npmjs.org/tr46/-/tr46-0.0.3.tgz",
      "integrity": "sha512-N3WMsuqV66lT30CrXNbEjx4GEwlow3v6rr4mCcv6prnfwhS01rkgyFdjPNBYd9br7LpXV1+Emh01fHnq2Gdgrw==",
      "license": "MIT"
    },
    "node_modules/uuid": {
      "version": "11.1.0",
      "resolved": "https://registry.npmjs.org/uuid/-/uuid-11.1.0.tgz",
      "integrity": "sha512-0/A9rDy9P7cJ+8w1c9WD9V//9Wj15Ce2MPz8Ri6032usz+NfePxx5AcN3bN+r6ZL6jEo066/yNYB3tn4pQEx+A==",
      "funding": [
        "https://github.com/sponsors/broofa",
        "https://github.com/sponsors/ctavan"
      ],
      "license": "MIT",
      "bin": {
        "uuid": "dist/esm/bin/uuid"
      }
    },
    "node_modules/webidl-conversions": {
      "version": "3.0.1",
      "resolved": "https://registry.npmjs.org/webidl-conversions/-/webidl-conversions-3.0.1.tgz",
      "integrity": "sha512-2JAn3z8AR6rjK8Sm8orRC0h/bcl/DqL7tRPdGZ4I1CjdF+EaMLmYxBHyXuKL849eucPFhvBoxMsflfOb8kxaeQ==",
      "license": "BSD-2-Clause"
    },
    "node_modules/whatwg-url": {
      "version": "5.0.0",
      "resolved": "https://registry.npmjs.org/whatwg-url/-/whatwg-url-5.0.0.tgz",
      "integrity": "sha512-saE57nupxk6v3HY35+jzBwYa0rKSy0XR8JSxZPwgLr7ys0IBzhGviA1/TUGJLmSVqs8pb9AnvICXEuOHLprYTw==",
      "license": "MIT",
      "dependencies": {
        "tr46": "~0.0.3",
        "webidl-conversions": "^3.0.0"
      }
    }
  }
}
